
Microsoft Visual Studio Solution File, Format Version 12.00
# Visual Studio Version 17
VisualStudioVersion = 17.7.34024.191
MinimumVisualStudioVersion = 10.0.40219.1
Project("{FAE04EC0-301F-11D3-BF4B-00C04F79EFBC}") = "OOP(TEST)", "OOP(TEST)\OOP(TEST).csproj", "{CF0419A3-6D29-4E5C-9926-4C8EB7754D50}"
EndProject
Global
	GlobalSection(SolutionConfigurationPlatforms) = preSolution
		Debug|Any CPU = Debug|Any CPU
		Release|Any CPU = Release|Any CPU
	EndGlobalSection
	GlobalSection(ProjectConfigurationPlatforms) = postSolution
		{CF0419A3-6D29-4E5C-9926-4C8EB7754D50}.Debug|Any CPU.ActiveCfg = Debug|Any CPU
		{CF0419A3-6D29-4E5C-9926-4C8EB7754D50}.Debug|Any CPU.Build.0 = Debug|Any CPU
		{CF0419A3-6D29-4E5C-9926-4C8EB7754D50}.Release|Any CPU.ActiveCfg = Release|Any CPU
		{CF0419A3-6D29-4E5C-9926-4C8EB7754D50}.Release|Any CPU.Build.0 = Release|Any CPU
	EndGlobalSection
	GlobalSection(SolutionProperties) = preSolution
		HideSolutionNode = FALSE
	EndGlobalSection
	GlobalSection(ExtensibilityGlobals) = postSolution
		SolutionGuid = {3A8DEAF0-D341-4B16-852A-3F121F2ECE54}
	EndGlobalSection
EndGlobal
